
Microsoft Visual Studio Solution File, Format Version 12.00
# Visual Studio Version 16
VisualStudioVersion = 16.0.30621.155
MinimumVisualStudioVersion = 10.0.40219.1
Project("{FAE04EC0-301F-11D3-BF4B-00C04F79EFBC}") = "DatatablePopupAjaxCRUD", "DatatablePopupAjaxCRUD\DatatablePopupAjaxCRUD.csproj", "{619D428A-CBF7-4439-9F76-85D3183C92DB}"
EndProject
Global
	GlobalSection(SolutionConfigurationPlatforms) = preSolution
		Debug|Any CPU = Debug|Any CPU
		Release|Any CPU = Release|Any CPU
	EndGlobalSection
	GlobalSection(ProjectConfigurationPlatforms) = postSolution
		{619D428A-CBF7-4439-9F76-85D3183C92DB}.Debug|Any CPU.ActiveCfg = Debug|Any CPU
		{619D428A-CBF7-4439-9F76-85D3183C92DB}.Debug|Any CPU.Build.0 = Debug|Any CPU
		{619D428A-CBF7-4439-9F76-85D3183C92DB}.Release|Any CPU.ActiveCfg = Release|Any CPU
		{619D428A-CBF7-4439-9F76-85D3183C92DB}.Release|Any CPU.Build.0 = Release|Any CPU
	EndGlobalSection
	GlobalSection(SolutionProperties) = preSolution
		HideSolutionNode = FALSE
	EndGlobalSection
	GlobalSection(ExtensibilityGlobals) = postSolution
		SolutionGuid = {11637998-7DB7-46E3-A410-65E0B3E3D6D4}
	EndGlobalSection
EndGlobal
